
Microsoft Visual Studio Solution File, Format Version 12.00
# Visual Studio Version 17
VisualStudioVersion = 17.2.32519.379
MinimumVisualStudioVersion = 10.0.40219.1
Project("{FAE04EC0-301F-11D3-BF4B-00C04F79EFBC}") = "test", "test\test.csproj", "{812BCE86-BF1B-4D45-9DD8-3CB3DB9F34B9}"
EndProject
Global
	GlobalSection(SolutionConfigurationPlatforms) = preSolution
		Debug|Any CPU = Debug|Any CPU
		Release|Any CPU = Release|Any CPU
	EndGlobalSection
	GlobalSection(ProjectConfigurationPlatforms) = postSolution
		{812BCE86-BF1B-4D45-9DD8-3CB3DB9F34B9}.Debug|Any CPU.ActiveCfg = Debug|Any CPU
		{812BCE86-BF1B-4D45-9DD8-3CB3DB9F34B9}.Debug|Any CPU.Build.0 = Debug|Any CPU
		{812BCE86-BF1B-4D45-9DD8-3CB3DB9F34B9}.Release|Any CPU.ActiveCfg = Release|Any CPU
		{812BCE86-BF1B-4D45-9DD8-3CB3DB9F34B9}.Release|Any CPU.Build.0 = Release|Any CPU
	EndGlobalSection
	GlobalSection(SolutionProperties) = preSolution
		HideSolutionNode = FALSE
	EndGlobalSection
	GlobalSection(ExtensibilityGlobals) = postSolution
		SolutionGuid = {1CD96DD7-19A9-401B-8C45-7F05C077BF32}
	EndGlobalSection
EndGlobal
